
Microsoft Visual Studio Solution File, Format Version 12.00
# Visual Studio Version 16
VisualStudioVersion = 16.0.30413.136
MinimumVisualStudioVersion = 10.0.40219.1
Project("{FAE04EC0-301F-11D3-BF4B-00C04F79EFBC}") = "ModbusPCL", "ModbusPCL.csproj", "{85E0C1F4-E965-4818-ACA6-6325EC25CC7E}"
EndProject
Global
	GlobalSection(SolutionConfigurationPlatforms) = preSolution
		Debug|Any CPU = Debug|Any CPU
		Release|Any CPU = Release|Any CPU
	EndGlobalSection
	GlobalSection(ProjectConfigurationPlatforms) = postSolution
		{85E0C1F4-E965-4818-ACA6-6325EC25CC7E}.Debug|Any CPU.ActiveCfg = Debug|Any CPU
		{85E0C1F4-E965-4818-ACA6-6325EC25CC7E}.Debug|Any CPU.Build.0 = Debug|Any CPU
		{85E0C1F4-E965-4818-ACA6-6325EC25CC7E}.Release|Any CPU.ActiveCfg = Release|Any CPU
		{85E0C1F4-E965-4818-ACA6-6325EC25CC7E}.Release|Any CPU.Build.0 = Release|Any CPU
	EndGlobalSection
	GlobalSection(SolutionProperties) = preSolution
		HideSolutionNode = FALSE
	EndGlobalSection
	GlobalSection(ExtensibilityGlobals) = postSolution
		SolutionGuid = {7ADF0870-98A9-4544-ACCD-28B5BA98E80F}
	EndGlobalSection
EndGlobal
